// !$*UTF8*$!
{
	archiveVersion = 1;
	classes = {
	};
	objectVersion = 46;
	objects = {

/* Begin PBXBuildFile section */
		9AAD83651BC0AC8400D7C145 /* services.txt in Resources */ = {isa = PBXBuildFile; fileRef = 9AAD83641BC0AC8400D7C145 /* services.txt */; settings = {ASSET_TAGS = (); }; };
		A61584DE1BC0A0D700054E51 /* LeftSideViewController.swift in Sources */ = {isa = PBXBuildFile; fileRef = A61584DD1BC0A0D700054E51 /* LeftSideViewController.swift */; settings = {ASSET_TAGS = (); }; };
		A61584EA1BC0A11F00054E51 /* MMDrawerBarButtonItem.m in Sources */ = {isa = PBXBuildFile; fileRef = A61584E21BC0A11F00054E51 /* MMDrawerBarButtonItem.m */; settings = {ASSET_TAGS = (); }; };
		A61584EB1BC0A11F00054E51 /* MMDrawerController.m in Sources */ = {isa = PBXBuildFile; fileRef = A61584E41BC0A11F00054E51 /* MMDrawerController.m */; settings = {ASSET_TAGS = (); }; };
		A61584EC1BC0A11F00054E51 /* MMDrawerVisualState.m in Sources */ = {isa = PBXBuildFile; fileRef = A61584E71BC0A11F00054E51 /* MMDrawerVisualState.m */; settings = {ASSET_TAGS = (); }; };
		A61584ED1BC0A11F00054E51 /* UIViewController+MMDrawerController.m in Sources */ = {isa = PBXBuildFile; fileRef = A61584E91BC0A11F00054E51 /* UIViewController+MMDrawerController.m */; settings = {ASSET_TAGS = (); }; };
		A6FA74FB1BC059DA009DE867 /* AppDelegate.swift in Sources */ = {isa = PBXBuildFile; fileRef = A6FA74FA1BC059DA009DE867 /* AppDelegate.swift */; };
		A6FA74FD1BC059DA009DE867 /* FirstViewController.swift in Sources */ = {isa = PBXBuildFile; fileRef = A6FA74FC1BC059DA009DE867 /* FirstViewController.swift */; };
		A6FA74FF1BC059DA009DE867 /* SecondViewController.swift in Sources */ = {isa = PBXBuildFile; fileRef = A6FA74FE1BC059DA009DE867 /* SecondViewController.swift */; };
		A6FA75021BC059E1009DE867 /* Main.storyboard in Resources */ = {isa = PBXBuildFile; fileRef = A6FA75001BC059E1009DE867 /* Main.storyboard */; };
		A6FA75041BC059E1009DE867 /* Assets.xcassets in Resources */ = {isa = PBXBuildFile; fileRef = A6FA75031BC059E1009DE867 /* Assets.xcassets */; };
		A6FA75071BC059E1009DE867 /* LaunchScreen.storyboard in Resources */ = {isa = PBXBuildFile; fileRef = A6FA75051BC059E1009DE867 /* LaunchScreen.storyboard */; };
		A6FA75121BC059E5009DE867 /* dafTests.swift in Sources */ = {isa = PBXBuildFile; fileRef = A6FA75111BC059E5009DE867 /* dafTests.swift */; };
		A6FA751D1BC059F0009DE867 /* dafUITests.swift in Sources */ = {isa = PBXBuildFile; fileRef = A6FA751C1BC059F0009DE867 /* dafUITests.swift */; };
		B8B78C001BC0C00F005C25E2 /* AudioToolbox.framework in Frameworks */ = {isa = PBXBuildFile; fileRef = B8B78BF61BC0C00F005C25E2 /* AudioToolbox.framework */; };
		B8B78C011BC0C00F005C25E2 /* CFNetwork.framework in Frameworks */ = {isa = PBXBuildFile; fileRef = B8B78BF71BC0C00F005C25E2 /* CFNetwork.framework */; };
		B8B78C021BC0C00F005C25E2 /* CoreGraphics.framework in Frameworks */ = {isa = PBXBuildFile; fileRef = B8B78BF81BC0C00F005C25E2 /* CoreGraphics.framework */; };
		B8B78C031BC0C00F005C25E2 /* CoreLocation.framework in Frameworks */ = {isa = PBXBuildFile; fileRef = B8B78BF91BC0C00F005C25E2 /* CoreLocation.framework */; };
		B8B78C041BC0C00F005C25E2 /* libsqlite3.tbd in Frameworks */ = {isa = PBXBuildFile; fileRef = B8B78BFA1BC0C00F005C25E2 /* libsqlite3.tbd */; };
		B8B78C051BC0C00F005C25E2 /* libz.tbd in Frameworks */ = {isa = PBXBuildFile; fileRef = B8B78BFB1BC0C00F005C25E2 /* libz.tbd */; };
		B8B78C061BC0C00F005C25E2 /* QuartzCore.framework in Frameworks */ = {isa = PBXBuildFile; fileRef = B8B78BFC1BC0C00F005C25E2 /* QuartzCore.framework */; };
		B8B78C071BC0C00F005C25E2 /* Security.framework in Frameworks */ = {isa = PBXBuildFile; fileRef = B8B78BFD1BC0C00F005C25E2 /* Security.framework */; };
		B8B78C081BC0C00F005C25E2 /* StoreKit.framework in Frameworks */ = {isa = PBXBuildFile; fileRef = B8B78BFE1BC0C00F005C25E2 /* StoreKit.framework */; };
		B8B78C091BC0C00F005C25E2 /* SystemConfiguration.framework in Frameworks */ = {isa = PBXBuildFile; fileRef = B8B78BFF1BC0C00F005C25E2 /* SystemConfiguration.framework */; };
		B8B78C0C1BC0C2DA005C25E2 /* Bolts.framework in Frameworks */ = {isa = PBXBuildFile; fileRef = B8B78C0A1BC0C2DA005C25E2 /* Bolts.framework */; settings = {ASSET_TAGS = (); }; };
		B8B78C0D1BC0C2DA005C25E2 /* Parse.framework in Frameworks */ = {isa = PBXBuildFile; fileRef = B8B78C0B1BC0C2DA005C25E2 /* Parse.framework */; settings = {ASSET_TAGS = (); }; };
		C30D717A1BC05E2400BDBD5F /* LoginViewController.swift in Sources */ = {isa = PBXBuildFile; fileRef = C30D71791BC05E2400BDBD5F /* LoginViewController.swift */; settings = {ASSET_TAGS = (); }; };
		C3E34C8B1BC0763200C02929 /* StartViewController.swift in Sources */ = {isa = PBXBuildFile; fileRef = C3E34C8A1BC0763200C02929 /* StartViewController.swift */; settings = {ASSET_TAGS = (); }; };
		C3E34C8D1BC0796300C02929 /* NavigationControllerDelegate.swift in Sources */ = {isa = PBXBuildFile; fileRef = C3E34C8C1BC0796300C02929 /* NavigationControllerDelegate.swift */; settings = {ASSET_TAGS = (); }; };
		C3E34C8F1BC07AC900C02929 /* CircleTransitionAnimator.swift in Sources */ = {isa = PBXBuildFile; fileRef = C3E34C8E1BC07AC900C02929 /* CircleTransitionAnimator.swift */; settings = {ASSET_TAGS = (); }; };
/* End PBXBuildFile section */

/* Begin PBXContainerItemProxy section */
		A6FA750E1BC059E1009DE867 /* PBXContainerItemProxy */ = {
			isa = PBXContainerItemProxy;
			containerPortal = A6FA74EF1BC059DA009DE867 /* Project object */;
			proxyType = 1;
			remoteGlobalIDString = A6FA74F61BC059DA009DE867;
			remoteInfo = daf;
		};
		A6FA75191BC059F0009DE867 /* PBXContainerItemProxy */ = {
			isa = PBXContainerItemProxy;
			containerPortal = A6FA74EF1BC059DA009DE867 /* Project object */;
			proxyType = 1;
			remoteGlobalIDString = A6FA74F61BC059DA009DE867;
			remoteInfo = daf;
		};
/* End PBXContainerItemProxy section */

/* Begin PBXFileReference section */
		9AAD83641BC0AC8400D7C145 /* services.txt */ = {isa = PBXFileReference; fileEncoding = 4; lastKnownFileType = text; path = services.txt; sourceTree = "<group>"; };
		A61584DD1BC0A0D700054E51 /* LeftSideViewController.swift */ = {isa = PBXFileReference; fileEncoding = 4; lastKnownFileType = sourcecode.swift; path = LeftSideViewController.swift; sourceTree = "<group>"; };
		A61584E01BC0A11E00054E51 /* daf-Bridging-Header.h */ = {isa = PBXFileReference; lastKnownFileType = sourcecode.c.h; path = "daf-Bridging-Header.h"; sourceTree = "<group>"; };
		A61584E11BC0A11F00054E51 /* MMDrawerBarButtonItem.h */ = {isa = PBXFileReference; fileEncoding = 4; lastKnownFileType = sourcecode.c.h; path = MMDrawerBarButtonItem.h; sourceTree = "<group>"; };
		A61584E21BC0A11F00054E51 /* MMDrawerBarButtonItem.m */ = {isa = PBXFileReference; fileEncoding = 4; lastKnownFileType = sourcecode.c.objc; path = MMDrawerBarButtonItem.m; sourceTree = "<group>"; };
		A61584E31BC0A11F00054E51 /* MMDrawerController.h */ = {isa = PBXFileReference; fileEncoding = 4; lastKnownFileType = sourcecode.c.h; path = MMDrawerController.h; sourceTree = "<group>"; };
		A61584E41BC0A11F00054E51 /* MMDrawerController.m */ = {isa = PBXFileReference; fileEncoding = 4; lastKnownFileType = sourcecode.c.objc; path = MMDrawerController.m; sourceTree = "<group>"; };
		A61584E51BC0A11F00054E51 /* MMDrawerController+Subclass.h */ = {isa = PBXFileReference; fileEncoding = 4; lastKnownFileType = sourcecode.c.h; path = "MMDrawerController+Subclass.h"; sourceTree = "<group>"; };
		A61584E61BC0A11F00054E51 /* MMDrawerVisualState.h */ = {isa = PBXFileReference; fileEncoding = 4; lastKnownFileType = sourcecode.c.h; path = MMDrawerVisualState.h; sourceTree = "<group>"; };
		A61584E71BC0A11F00054E51 /* MMDrawerVisualState.m */ = {isa = PBXFileReference; fileEncoding = 4; lastKnownFileType = sourcecode.c.objc; path = MMDrawerVisualState.m; sourceTree = "<group>"; };
		A61584E81BC0A11F00054E51 /* UIViewController+MMDrawerController.h */ = {isa = PBXFileReference; fileEncoding = 4; lastKnownFileType = sourcecode.c.h; path = "UIViewController+MMDrawerController.h"; sourceTree = "<group>"; };
		A61584E91BC0A11F00054E51 /* UIViewController+MMDrawerController.m */ = {isa = PBXFileReference; fileEncoding = 4; lastKnownFileType = sourcecode.c.objc; path = "UIViewController+MMDrawerController.m"; sourceTree = "<group>"; };
		A6FA74F71BC059DA009DE867 /* daf.app */ = {isa = PBXFileReference; explicitFileType = wrapper.application; includeInIndex = 0; path = daf.app; sourceTree = BUILT_PRODUCTS_DIR; };
		A6FA74FA1BC059DA009DE867 /* AppDelegate.swift */ = {isa = PBXFileReference; lastKnownFileType = sourcecode.swift; path = AppDelegate.swift; sourceTree = "<group>"; };
		A6FA74FC1BC059DA009DE867 /* FirstViewController.swift */ = {isa = PBXFileReference; lastKnownFileType = sourcecode.swift; path = FirstViewController.swift; sourceTree = "<group>"; };
		A6FA74FE1BC059DA009DE867 /* SecondViewController.swift */ = {isa = PBXFileReference; lastKnownFileType = sourcecode.swift; path = SecondViewController.swift; sourceTree = "<group>"; };
		A6FA75011BC059E1009DE867 /* Base */ = {isa = PBXFileReference; lastKnownFileType = file.storyboard; name = Base; path = Base.lproj/Main.storyboard; sourceTree = "<group>"; };
		A6FA75031BC059E1009DE867 /* Assets.xcassets */ = {isa = PBXFileReference; lastKnownFileType = folder.assetcatalog; path = Assets.xcassets; sourceTree = "<group>"; };
		A6FA75061BC059E1009DE867 /* Base */ = {isa = PBXFileReference; lastKnownFileType = file.storyboard; name = Base; path = Base.lproj/LaunchScreen.storyboard; sourceTree = "<group>"; };
		A6FA75081BC059E1009DE867 /* Info.plist */ = {isa = PBXFileReference; lastKnownFileType = text.plist.xml; path = Info.plist; sourceTree = "<group>"; };
		A6FA750D1BC059E1009DE867 /* dafTests.xctest */ = {isa = PBXFileReference; explicitFileType = wrapper.cfbundle; includeInIndex = 0; path = dafTests.xctest; sourceTree = BUILT_PRODUCTS_DIR; };
		A6FA75111BC059E5009DE867 /* dafTests.swift */ = {isa = PBXFileReference; lastKnownFileType = sourcecode.swift; path = dafTests.swift; sourceTree = "<group>"; };
		A6FA75131BC059F0009DE867 /* Info.plist */ = {isa = PBXFileReference; lastKnownFileType = text.plist.xml; path = Info.plist; sourceTree = "<group>"; };
		A6FA75181BC059F0009DE867 /* dafUITests.xctest */ = {isa = PBXFileReference; explicitFileType = wrapper.cfbundle; includeInIndex = 0; path = dafUITests.xctest; sourceTree = BUILT_PRODUCTS_DIR; };
		A6FA751C1BC059F0009DE867 /* dafUITests.swift */ = {isa = PBXFileReference; lastKnownFileType = sourcecode.swift; path = dafUITests.swift; sourceTree = "<group>"; };
		A6FA751E1BC059F7009DE867 /* Info.plist */ = {isa = PBXFileReference; lastKnownFileType = text.plist.xml; path = Info.plist; sourceTree = "<group>"; };
		B8B78BF61BC0C00F005C25E2 /* AudioToolbox.framework */ = {isa = PBXFileReference; lastKnownFileType = wrapper.framework; name = AudioToolbox.framework; path = System/Library/Frameworks/AudioToolbox.framework; sourceTree = SDKROOT; };
		B8B78BF71BC0C00F005C25E2 /* CFNetwork.framework */ = {isa = PBXFileReference; lastKnownFileType = wrapper.framework; name = CFNetwork.framework; path = System/Library/Frameworks/CFNetwork.framework; sourceTree = SDKROOT; };
		B8B78BF81BC0C00F005C25E2 /* CoreGraphics.framework */ = {isa = PBXFileReference; lastKnownFileType = wrapper.framework; name = CoreGraphics.framework; path = System/Library/Frameworks/CoreGraphics.framework; sourceTree = SDKROOT; };
		B8B78BF91BC0C00F005C25E2 /* CoreLocation.framework */ = {isa = PBXFileReference; lastKnownFileType = wrapper.framework; name = CoreLocation.framework; path = System/Library/Frameworks/CoreLocation.framework; sourceTree = SDKROOT; };
		B8B78BFA1BC0C00F005C25E2 /* libsqlite3.tbd */ = {isa = PBXFileReference; lastKnownFileType = "sourcecode.text-based-dylib-definition"; name = libsqlite3.tbd; path = usr/lib/libsqlite3.tbd; sourceTree = SDKROOT; };
		B8B78BFB1BC0C00F005C25E2 /* libz.tbd */ = {isa = PBXFileReference; lastKnownFileType = "sourcecode.text-based-dylib-definition"; name = libz.tbd; path = usr/lib/libz.tbd; sourceTree = SDKROOT; };
		B8B78BFC1BC0C00F005C25E2 /* QuartzCore.framework */ = {isa = PBXFileReference; lastKnownFileType = wrapper.framework; name = QuartzCore.framework; path = System/Library/Frameworks/QuartzCore.framework; sourceTree = SDKROOT; };
		B8B78BFD1BC0C00F005C25E2 /* Security.framework */ = {isa = PBXFileReference; lastKnownFileType = wrapper.framework; name = Security.framework; path = System/Library/Frameworks/Security.framework; sourceTree = SDKROOT; };
		B8B78BFE1BC0C00F005C25E2 /* StoreKit.framework */ = {isa = PBXFileReference; lastKnownFileType = wrapper.framework; name = StoreKit.framework; path = System/Library/Frameworks/StoreKit.framework; sourceTree = SDKROOT; };
		B8B78BFF1BC0C00F005C25E2 /* SystemConfiguration.framework */ = {isa = PBXFileReference; lastKnownFileType = wrapper.framework; name = SystemConfiguration.framework; path = System/Library/Frameworks/SystemConfiguration.framework; sourceTree = SDKROOT; };
		B8B78C0A1BC0C2DA005C25E2 /* Bolts.framework */ = {isa = PBXFileReference; lastKnownFileType = wrapper.framework; path = Bolts.framework; sourceTree = "<group>"; };
		B8B78C0B1BC0C2DA005C25E2 /* Parse.framework */ = {isa = PBXFileReference; lastKnownFileType = wrapper.framework; path = Parse.framework; sourceTree = "<group>"; };
		C30D71791BC05E2400BDBD5F /* LoginViewController.swift */ = {isa = PBXFileReference; fileEncoding = 4; lastKnownFileType = sourcecode.swift; path = LoginViewController.swift; sourceTree = "<group>"; };
		C3E34C8A1BC0763200C02929 /* StartViewController.swift */ = {isa = PBXFileReference; fileEncoding = 4; lastKnownFileType = sourcecode.swift; path = StartViewController.swift; sourceTree = "<group>"; };
		C3E34C8C1BC0796300C02929 /* NavigationControllerDelegate.swift */ = {isa = PBXFileReference; fileEncoding = 4; lastKnownFileType = sourcecode.swift; path = NavigationControllerDelegate.swift; sourceTree = "<group>"; };
		C3E34C8E1BC07AC900C02929 /* CircleTransitionAnimator.swift */ = {isa = PBXFileReference; fileEncoding = 4; lastKnownFileType = sourcecode.swift; path = CircleTransitionAnimator.swift; sourceTree = "<group>"; };
/* End PBXFileReference section */

/* Begin PBXFrameworksBuildPhase section */
		A6FA74F41BC059DA009DE867 /* Frameworks */ = {
			isa = PBXFrameworksBuildPhase;
			buildActionMask = 2147483647;
			files = (
				B8B78C001BC0C00F005C25E2 /* AudioToolbox.framework in Frameworks */,
				B8B78C011BC0C00F005C25E2 /* CFNetwork.framework in Frameworks */,
				B8B78C021BC0C00F005C25E2 /* CoreGraphics.framework in Frameworks */,
				B8B78C031BC0C00F005C25E2 /* CoreLocation.framework in Frameworks */,
				B8B78C041BC0C00F005C25E2 /* libsqlite3.tbd in Frameworks */,
				B8B78C051BC0C00F005C25E2 /* libz.tbd in Frameworks */,
				B8B78C061BC0C00F005C25E2 /* QuartzCore.framework in Frameworks */,
				B8B78C071BC0C00F005C25E2 /* Security.framework in Frameworks */,
				B8B78C0C1BC0C2DA005C25E2 /* Bolts.framework in Frameworks */,
				B8B78C081BC0C00F005C25E2 /* StoreKit.framework in Frameworks */,
				B8B78C0D1BC0C2DA005C25E2 /* Parse.framework in Frameworks */,
				B8B78C091BC0C00F005C25E2 /* SystemConfiguration.framework in Frameworks */,
			);
			runOnlyForDeploymentPostprocessing = 0;
		};
		A6FA750A1BC059E1009DE867 /* Frameworks */ = {
			isa = PBXFrameworksBuildPhase;
			buildActionMask = 2147483647;
			files = (
			);
			runOnlyForDeploymentPostprocessing = 0;
		};
		A6FA75151BC059F0009DE867 /* Frameworks */ = {
			isa = PBXFrameworksBuildPhase;
			buildActionMask = 2147483647;
			files = (
			);
			runOnlyForDeploymentPostprocessing = 0;
		};
/* End PBXFrameworksBuildPhase section */

/* Begin PBXGroup section */
		A61584DF1BC0A11000054E51 /* DrawerFiles */ = {
			isa = PBXGroup;
			children = (
				A61584E11BC0A11F00054E51 /* MMDrawerBarButtonItem.h */,
				A61584E21BC0A11F00054E51 /* MMDrawerBarButtonItem.m */,
				A61584E31BC0A11F00054E51 /* MMDrawerController.h */,
				A61584E41BC0A11F00054E51 /* MMDrawerController.m */,
				A61584E51BC0A11F00054E51 /* MMDrawerController+Subclass.h */,
				A61584E61BC0A11F00054E51 /* MMDrawerVisualState.h */,
				A61584E71BC0A11F00054E51 /* MMDrawerVisualState.m */,
				A61584E81BC0A11F00054E51 /* UIViewController+MMDrawerController.h */,
				A61584E91BC0A11F00054E51 /* UIViewController+MMDrawerController.m */,
				A61584E01BC0A11E00054E51 /* daf-Bridging-Header.h */,
			);
			name = DrawerFiles;
			sourceTree = "<group>";
		};
		A6FA74EE1BC059DA009DE867 = {
			isa = PBXGroup;
			children = (
				B8B78BF61BC0C00F005C25E2 /* AudioToolbox.framework */,
				B8B78BF71BC0C00F005C25E2 /* CFNetwork.framework */,
				B8B78BF81BC0C00F005C25E2 /* CoreGraphics.framework */,
				B8B78BF91BC0C00F005C25E2 /* CoreLocation.framework */,
				B8B78BFA1BC0C00F005C25E2 /* libsqlite3.tbd */,
				B8B78BFB1BC0C00F005C25E2 /* libz.tbd */,
				B8B78BFC1BC0C00F005C25E2 /* QuartzCore.framework */,
				B8B78BFD1BC0C00F005C25E2 /* Security.framework */,
				B8B78BFE1BC0C00F005C25E2 /* StoreKit.framework */,
				B8B78BFF1BC0C00F005C25E2 /* SystemConfiguration.framework */,
				9AAD83641BC0AC8400D7C145 /* services.txt */,
				A6FA74F91BC059DA009DE867 /* daf */,
				A6FA75101BC059E5009DE867 /* dafTests */,
				A6FA751B1BC059F0009DE867 /* dafUITests */,
				A6FA74F81BC059DA009DE867 /* Products */,
			);
			sourceTree = "<group>";
		};
		A6FA74F81BC059DA009DE867 /* Products */ = {
			isa = PBXGroup;
			children = (
				A6FA74F71BC059DA009DE867 /* daf.app */,
				A6FA750D1BC059E1009DE867 /* dafTests.xctest */,
				A6FA75181BC059F0009DE867 /* dafUITests.xctest */,
			);
			name = Products;
			sourceTree = "<group>";
		};
		A6FA74F91BC059DA009DE867 /* daf */ = {
			isa = PBXGroup;
			children = (
				A61584DF1BC0A11000054E51 /* DrawerFiles */,
				C304A4901BC09A180000DB4E /* Frameworks */,
				A6FA74FA1BC059DA009DE867 /* AppDelegate.swift */,
				C3E34C8C1BC0796300C02929 /* NavigationControllerDelegate.swift */,
				C3E34C8E1BC07AC900C02929 /* CircleTransitionAnimator.swift */,
				C3E34C8A1BC0763200C02929 /* StartViewController.swift */,
				A61584DD1BC0A0D700054E51 /* LeftSideViewController.swift */,
				C30D71791BC05E2400BDBD5F /* LoginViewController.swift */,
				A6FA74FC1BC059DA009DE867 /* FirstViewController.swift */,
				A6FA74FE1BC059DA009DE867 /* SecondViewController.swift */,
				A6FA75001BC059E1009DE867 /* Main.storyboard */,
				A6FA75031BC059E1009DE867 /* Assets.xcassets */,
				A6FA75051BC059E1009DE867 /* LaunchScreen.storyboard */,
				A6FA75081BC059E1009DE867 /* Info.plist */,
			);
			path = daf;
			sourceTree = "<group>";
		};
		A6FA75101BC059E5009DE867 /* dafTests */ = {
			isa = PBXGroup;
			children = (
				A6FA75111BC059E5009DE867 /* dafTests.swift */,
				A6FA75131BC059F0009DE867 /* Info.plist */,
			);
			path = dafTests;
			sourceTree = "<group>";
		};
		A6FA751B1BC059F0009DE867 /* dafUITests */ = {
			isa = PBXGroup;
			children = (
				A6FA751C1BC059F0009DE867 /* dafUITests.swift */,
				A6FA751E1BC059F7009DE867 /* Info.plist */,
			);
			path = dafUITests;
			sourceTree = "<group>";
		};
		C304A4901BC09A180000DB4E /* Frameworks */ = {
			isa = PBXGroup;
			children = (
				B8B78C0A1BC0C2DA005C25E2 /* Bolts.framework */,
				B8B78C0B1BC0C2DA005C25E2 /* Parse.framework */,
			);
			name = Frameworks;
			sourceTree = "<group>";
		};
/* End PBXGroup section */

/* Begin PBXNativeTarget section */
		A6FA74F61BC059DA009DE867 /* daf */ = {
			isa = PBXNativeTarget;
			buildConfigurationList = A6FA75211BC059F7009DE867 /* Build configuration list for PBXNativeTarget "daf" */;
			buildPhases = (
				A6FA74F31BC059DA009DE867 /* Sources */,
				A6FA74F41BC059DA009DE867 /* Frameworks */,
				A6FA74F51BC059DA009DE867 /* Resources */,
			);
			buildRules = (
			);
			dependencies = (
			);
			name = daf;
			productName = daf;
			productReference = A6FA74F71BC059DA009DE867 /* daf.app */;
			productType = "com.apple.product-type.application";
		};
		A6FA750C1BC059E1009DE867 /* dafTests */ = {
			isa = PBXNativeTarget;
			buildConfigurationList = A6FA75241BC059F7009DE867 /* Build configuration list for PBXNativeTarget "dafTests" */;
			buildPhases = (
				A6FA75091BC059E1009DE867 /* Sources */,
				A6FA750A1BC059E1009DE867 /* Frameworks */,
				A6FA750B1BC059E1009DE867 /* Resources */,
			);
			buildRules = (
			);
			dependencies = (
				A6FA750F1BC059E1009DE867 /* PBXTargetDependency */,
			);
			name = dafTests;
			productName = dafTests;
			productReference = A6FA750D1BC059E1009DE867 /* dafTests.xctest */;
			productType = "com.apple.product-type.bundle.unit-test";
		};
		A6FA75171BC059F0009DE867 /* dafUITests */ = {
			isa = PBXNativeTarget;
			buildConfigurationList = A6FA75271BC059F7009DE867 /* Build configuration list for PBXNativeTarget "dafUITests" */;
			buildPhases = (
				A6FA75141BC059F0009DE867 /* Sources */,
				A6FA75151BC059F0009DE867 /* Frameworks */,
				A6FA75161BC059F0009DE867 /* Resources */,
			);
			buildRules = (
			);
			dependencies = (
				A6FA751A1BC059F0009DE867 /* PBXTargetDependency */,
			);
			name = dafUITests;
			productName = dafUITests;
			productReference = A6FA75181BC059F0009DE867 /* dafUITests.xctest */;
			productType = "com.apple.product-type.bundle.ui-testing";
		};
/* End PBXNativeTarget section */

/* Begin PBXProject section */
		A6FA74EF1BC059DA009DE867 /* Project object */ = {
			isa = PBXProject;
			attributes = {
				LastSwiftUpdateCheck = 0700;
				LastUpgradeCheck = 0700;
				ORGANIZATIONNAME = "Clifford Lee";
				TargetAttributes = {
					A6FA74F61BC059DA009DE867 = {
						CreatedOnToolsVersion = 7.0.1;
					};
					A6FA750C1BC059E1009DE867 = {
						CreatedOnToolsVersion = 7.0.1;
						TestTargetID = A6FA74F61BC059DA009DE867;
					};
					A6FA75171BC059F0009DE867 = {
						CreatedOnToolsVersion = 7.0.1;
						TestTargetID = A6FA74F61BC059DA009DE867;
					};
				};
			};
			buildConfigurationList = A6FA74F21BC059DA009DE867 /* Build configuration list for PBXProject "daf" */;
			compatibilityVersion = "Xcode 3.2";
			developmentRegion = English;
			hasScannedForEncodings = 0;
			knownRegions = (
				en,
				Base,
			);
			mainGroup = A6FA74EE1BC059DA009DE867;
			productRefGroup = A6FA74F81BC059DA009DE867 /* Products */;
			projectDirPath = "";
			projectRoot = "";
			targets = (
				A6FA74F61BC059DA009DE867 /* daf */,
				A6FA750C1BC059E1009DE867 /* dafTests */,
				A6FA75171BC059F0009DE867 /* dafUITests */,
			);
		};
/* End PBXProject section */

/* Begin PBXResourcesBuildPhase section */
		A6FA74F51BC059DA009DE867 /* Resources */ = {
			isa = PBXResourcesBuildPhase;
			buildActionMask = 2147483647;
			files = (
				A6FA75071BC059E1009DE867 /* LaunchScreen.storyboard in Resources */,
				A6FA75041BC059E1009DE867 /* Assets.xcassets in Resources */,
				9AAD83651BC0AC8400D7C145 /* services.txt in Resources */,
				A6FA75021BC059E1009DE867 /* Main.storyboard in Resources */,
			);
			runOnlyForDeploymentPostprocessing = 0;
		};
		A6FA750B1BC059E1009DE867 /* Resources */ = {
			isa = PBXResourcesBuildPhase;
			buildActionMask = 2147483647;
			files = (
			);
			runOnlyForDeploymentPostprocessing = 0;
		};
		A6FA75161BC059F0009DE867 /* Resources */ = {
			isa = PBXResourcesBuildPhase;
			buildActionMask = 2147483647;
			files = (
			);
			runOnlyForDeploymentPostprocessing = 0;
		};
/* End PBXResourcesBuildPhase section */

/* Begin PBXSourcesBuildPhase section */
		A6FA74F31BC059DA009DE867 /* Sources */ = {
			isa = PBXSourcesBuildPhase;
			buildActionMask = 2147483647;
			files = (
				C3E34C8B1BC0763200C02929 /* StartViewController.swift in Sources */,
				C30D717A1BC05E2400BDBD5F /* LoginViewController.swift in Sources */,
				A61584EC1BC0A11F00054E51 /* MMDrawerVisualState.m in Sources */,
				A61584ED1BC0A11F00054E51 /* UIViewController+MMDrawerController.m in Sources */,
				A6FA74FF1BC059DA009DE867 /* SecondViewController.swift in Sources */,
				A6FA74FB1BC059DA009DE867 /* AppDelegate.swift in Sources */,
				A61584EA1BC0A11F00054E51 /* MMDrawerBarButtonItem.m in Sources */,
				C3E34C8F1BC07AC900C02929 /* CircleTransitionAnimator.swift in Sources */,
				A61584EB1BC0A11F00054E51 /* MMDrawerController.m in Sources */,
				C3E34C8D1BC0796300C02929 /* NavigationControllerDelegate.swift in Sources */,
				A61584DE1BC0A0D700054E51 /* LeftSideViewController.swift in Sources */,
				A6FA74FD1BC059DA009DE867 /* FirstViewController.swift in Sources */,
			);
			runOnlyForDeploymentPostprocessing = 0;
		};
		A6FA75091BC059E1009DE867 /* Sources */ = {
			isa = PBXSourcesBuildPhase;
			buildActionMask = 2147483647;
			files = (
				A6FA75121BC059E5009DE867 /* dafTests.swift in Sources */,
			);
			runOnlyForDeploymentPostprocessing = 0;
		};
		A6FA75141BC059F0009DE867 /* Sources */ = {
			isa = PBXSourcesBuildPhase;
			buildActionMask = 2147483647;
			files = (
				A6FA751D1BC059F0009DE867 /* dafUITests.swift in Sources */,
			);
			runOnlyForDeploymentPostprocessing = 0;
		};
/* End PBXSourcesBuildPhase section */

/* Begin PBXTargetDependency section */
		A6FA750F1BC059E1009DE867 /* PBXTargetDependency */ = {
			isa = PBXTargetDependency;
			target = A6FA74F61BC059DA009DE867 /* daf */;
			targetProxy = A6FA750E1BC059E1009DE867 /* PBXContainerItemProxy */;
		};
		A6FA751A1BC059F0009DE867 /* PBXTargetDependency */ = {
			isa = PBXTargetDependency;
			target = A6FA74F61BC059DA009DE867 /* daf */;
			targetProxy = A6FA75191BC059F0009DE867 /* PBXContainerItemProxy */;
		};
/* End PBXTargetDependency section */

/* Begin PBXVariantGroup section */
		A6FA75001BC059E1009DE867 /* Main.storyboard */ = {
			isa = PBXVariantGroup;
			children = (
				A6FA75011BC059E1009DE867 /* Base */,
			);
			name = Main.storyboard;
			sourceTree = "<group>";
		};
		A6FA75051BC059E1009DE867 /* LaunchScreen.storyboard */ = {
			isa = PBXVariantGroup;
			children = (
				A6FA75061BC059E1009DE867 /* Base */,
			);
			name = LaunchScreen.storyboard;
			sourceTree = "<group>";
		};
/* End PBXVariantGroup section */

/* Begin XCBuildConfiguration section */
		A6FA751F1BC059F7009DE867 /* Debug */ = {
			isa = XCBuildConfiguration;
			buildSettings = {
				ALWAYS_SEARCH_USER_PATHS = NO;
				CLANG_CXX_LANGUAGE_STANDARD = "gnu++0x";
				CLANG_CXX_LIBRARY = "libc++";
				CLANG_ENABLE_MODULES = YES;
				CLANG_ENABLE_OBJC_ARC = YES;
				CLANG_WARN_BOOL_CONVERSION = YES;
				CLANG_WARN_CONSTANT_CONVERSION = YES;
				CLANG_WARN_DIRECT_OBJC_ISA_USAGE = YES_ERROR;
				CLANG_WARN_EMPTY_BODY = YES;
				CLANG_WARN_ENUM_CONVERSION = YES;
				CLANG_WARN_INT_CONVERSION = YES;
				CLANG_WARN_OBJC_ROOT_CLASS = YES_ERROR;
				CLANG_WARN_UNREACHABLE_CODE = YES;
				CLANG_WARN__DUPLICATE_METHOD_MATCH = YES;
				"CODE_SIGN_IDENTITY[sdk=iphoneos*]" = "iPhone Developer";
				COPY_PHASE_STRIP = NO;
				DEBUG_INFORMATION_FORMAT = dwarf;
				ENABLE_STRICT_OBJC_MSGSEND = YES;
				ENABLE_TESTABILITY = YES;
				GCC_C_LANGUAGE_STANDARD = gnu99;
				GCC_DYNAMIC_NO_PIC = NO;
				GCC_NO_COMMON_BLOCKS = YES;
				GCC_OPTIMIZATION_LEVEL = 0;
				GCC_PREPROCESSOR_DEFINITIONS = (
					"DEBUG=1",
					"$(inherited)",
				);
				GCC_WARN_64_TO_32_BIT_CONVERSION = YES;
				GCC_WARN_ABOUT_RETURN_TYPE = YES_ERROR;
				GCC_WARN_UNDECLARED_SELECTOR = YES;
				GCC_WARN_UNINITIALIZED_AUTOS = YES_AGGRESSIVE;
				GCC_WARN_UNUSED_FUNCTION = YES;
				GCC_WARN_UNUSED_VARIABLE = YES;
				IPHONEOS_DEPLOYMENT_TARGET = 9.0;
				MTL_ENABLE_DEBUG_INFO = YES;
				ONLY_ACTIVE_ARCH = YES;
				SDKROOT = iphoneos;
				SWIFT_OPTIMIZATION_LEVEL = "-Onone";
				TARGETED_DEVICE_FAMILY = "1,2";
			};
			name = Debug;
		};
		A6FA75201BC059F7009DE867 /* Release */ = {
			isa = XCBuildConfiguration;
			buildSettings = {
				ALWAYS_SEARCH_USER_PATHS = NO;
				CLANG_CXX_LANGUAGE_STANDARD = "gnu++0x";
				CLANG_CXX_LIBRARY = "libc++";
				CLANG_ENABLE_MODULES = YES;
				CLANG_ENABLE_OBJC_ARC = YES;
				CLANG_WARN_BOOL_CONVERSION = YES;
				CLANG_WARN_CONSTANT_CONVERSION = YES;
				CLANG_WARN_DIRECT_OBJC_ISA_USAGE = YES_ERROR;
				CLANG_WARN_EMPTY_BODY = YES;
				CLANG_WARN_ENUM_CONVERSION = YES;
				CLANG_WARN_INT_CONVERSION = YES;
				CLANG_WARN_OBJC_ROOT_CLASS = YES_ERROR;
				CLANG_WARN_UNREACHABLE_CODE = YES;
				CLANG_WARN__DUPLICATE_METHOD_MATCH = YES;
				"CODE_SIGN_IDENTITY[sdk=iphoneos*]" = "iPhone Developer";
				COPY_PHASE_STRIP = NO;
				DEBUG_INFORMATION_FORMAT = "dwarf-with-dsym";
				ENABLE_NS_ASSERTIONS = NO;
				ENABLE_STRICT_OBJC_MSGSEND = YES;
				GCC_C_LANGUAGE_STANDARD = gnu99;
				GCC_NO_COMMON_BLOCKS = YES;
				GCC_WARN_64_TO_32_BIT_CONVERSION = YES;
				GCC_WARN_ABOUT_RETURN_TYPE = YES_ERROR;
				GCC_WARN_UNDECLARED_SELECTOR = YES;
				GCC_WARN_UNINITIALIZED_AUTOS = YES_AGGRESSIVE;
				GCC_WARN_UNUSED_FUNCTION = YES;
				GCC_WARN_UNUSED_VARIABLE = YES;
				IPHONEOS_DEPLOYMENT_TARGET = 9.0;
				MTL_ENABLE_DEBUG_INFO = NO;
				SDKROOT = iphoneos;
				TARGETED_DEVICE_FAMILY = "1,2";
				VALIDATE_PRODUCT = YES;
			};
			name = Release;
		};
		A6FA75221BC059F7009DE867 /* Debug */ = {
			isa = XCBuildConfiguration;
			buildSettings = {
				ASSETCATALOG_COMPILER_APPICON_NAME = AppIcon;
				CLANG_ENABLE_MODULES = YES;
				FRAMEWORK_SEARCH_PATHS = (
					"$(inherited)",
					"$(PROJECT_DIR)/daf",
				);
				INFOPLIST_FILE = daf/Info.plist;
				IPHONEOS_DEPLOYMENT_TARGET = 9.0;
				LD_RUNPATH_SEARCH_PATHS = "$(inherited) @executable_path/Frameworks";
				PRODUCT_BUNDLE_IDENTIFIER = leecliff.daf;
				PRODUCT_NAME = "$(TARGET_NAME)";
				SWIFT_OBJC_BRIDGING_HEADER = "daf/daf-Bridging-Header.h";
				SWIFT_OPTIMIZATION_LEVEL = "-Onone";
				TARGETED_DEVICE_FAMILY = 1;
			};
			name = Debug;
		};
		A6FA75231BC059F7009DE867 /* Release */ = {
			isa = XCBuildConfiguration;
			buildSettings = {
				ASSETCATALOG_COMPILER_APPICON_NAME = AppIcon;
				CLANG_ENABLE_MODULES = YES;
				FRAMEWORK_SEARCH_PATHS = (
					"$(inherited)",
					"$(PROJECT_DIR)/daf",
				);
				INFOPLIST_FILE = daf/Info.plist;
				IPHONEOS_DEPLOYMENT_TARGET = 9.0;
				LD_RUNPATH_SEARCH_PATHS = "$(inherited) @executable_path/Frameworks";
				PRODUCT_BUNDLE_IDENTIFIER = leecliff.daf;
				PRODUCT_NAME = "$(TARGET_NAME)";
				SWIFT_OBJC_BRIDGING_HEADER = "daf/daf-Bridging-Header.h";
				SWIFT_OPTIMIZATION_LEVEL = "-Onone";
				TARGETED_DEVICE_FAMILY = 1;
			};
			name = Release;
		};
		A6FA75251BC059F7009DE867 /* Debug */ = {
			isa = XCBuildConfiguration;
			buildSettings = {
				BUNDLE_LOADER = "$(TEST_HOST)";
				INFOPLIST_FILE = dafTests/Info.plist;
				LD_RUNPATH_SEARCH_PATHS = "$(inherited) @executable_path/Frameworks @loader_path/Frameworks";
				PRODUCT_BUNDLE_IDENTIFIER = leecliff.dafTests;
				PRODUCT_NAME = "$(TARGET_NAME)";
				TEST_HOST = "$(BUILT_PRODUCTS_DIR)/daf.app/daf";
			};
			name = Debug;
		};
		A6FA75261BC059F7009DE867 /* Release */ = {
			isa = XCBuildConfiguration;
			buildSettings = {
				BUNDLE_LOADER = "$(TEST_HOST)";
				INFOPLIST_FILE = dafTests/Info.plist;
				LD_RUNPATH_SEARCH_PATHS = "$(inherited) @executable_path/Frameworks @loader_path/Frameworks";
				PRODUCT_BUNDLE_IDENTIFIER = leecliff.dafTests;
				PRODUCT_NAME = "$(TARGET_NAME)";
				TEST_HOST = "$(BUILT_PRODUCTS_DIR)/daf.app/daf";
			};
			name = Release;
		};
		A6FA75281BC059F7009DE867 /* Debug */ = {
			isa = XCBuildConfiguration;
			buildSettings = {
				INFOPLIST_FILE = dafUITests/Info.plist;
				LD_RUNPATH_SEARCH_PATHS = "$(inherited) @executable_path/Frameworks @loader_path/Frameworks";
				PRODUCT_BUNDLE_IDENTIFIER = leecliff.dafUITests;
				PRODUCT_NAME = "$(TARGET_NAME)";
				TEST_TARGET_NAME = daf;
				USES_XCTRUNNER = YES;
			};
			name = Debug;
		};
		A6FA75291BC059F7009DE867 /* Release */ = {
			isa = XCBuildConfiguration;
			buildSettings = {
				INFOPLIST_FILE = dafUITests/Info.plist;
				LD_RUNPATH_SEARCH_PATHS = "$(inherited) @executable_path/Frameworks @loader_path/Frameworks";
				PRODUCT_BUNDLE_IDENTIFIER = leecliff.dafUITests;
				PRODUCT_NAME = "$(TARGET_NAME)";
				TEST_TARGET_NAME = daf;
				USES_XCTRUNNER = YES;
			};
			name = Release;
		};
/* End XCBuildConfiguration section */

/* Begin XCConfigurationList section */
		A6FA74F21BC059DA009DE867 /* Build configuration list for PBXProject "daf" */ = {
			isa = XCConfigurationList;
			buildConfigurations = (
				A6FA751F1BC059F7009DE867 /* Debug */,
				A6FA75201BC059F7009DE867 /* Release */,
			);
			defaultConfigurationIsVisible = 0;
			defaultConfigurationName = Release;
		};
		A6FA75211BC059F7009DE867 /* Build configuration list for PBXNativeTarget "daf" */ = {
			isa = XCConfigurationList;
			buildConfigurations = (
				A6FA75221BC059F7009DE867 /* Debug */,
				A6FA75231BC059F7009DE867 /* Release */,
			);
			defaultConfigurationIsVisible = 0;
			defaultConfigurationName = Release;
		};
		A6FA75241BC059F7009DE867 /* Build configuration list for PBXNativeTarget "dafTests" */ = {
			isa = XCConfigurationList;
			buildConfigurations = (
				A6FA75251BC059F7009DE867 /* Debug */,
				A6FA75261BC059F7009DE867 /* Release */,
			);
			defaultConfigurationIsVisible = 0;
			defaultConfigurationName = Release;
		};
		A6FA75271BC059F7009DE867 /* Build configuration list for PBXNativeTarget "dafUITests" */ = {
			isa = XCConfigurationList;
			buildConfigurations = (
				A6FA75281BC059F7009DE867 /* Debug */,
				A6FA75291BC059F7009DE867 /* Release */,
			);
			defaultConfigurationIsVisible = 0;
			defaultConfigurationName = Release;
		};
/* End XCConfigurationList section */
	};
	rootObject = A6FA74EF1BC059DA009DE867 /* Project object */;
}
